
Microsoft Visual Studio Solution File, Format Version 12.00
# Visual Studio 15
VisualStudioVersion = 15.0.27428.2015
MinimumVisualStudioVersion = 10.0.40219.1
Project("{8BC9CEB8-8B4A-11D0-8D11-00A0C91BC942}") = "ONP", "ONP\ONP.vcxproj", "{80E71D42-B2CD-4C99-B7BB-FD50039687AC}"
EndProject
Global
	GlobalSection(SolutionConfigurationPlatforms) = preSolution
		Debug|x64 = Debug|x64
		Debug|x86 = Debug|x86
		Release|x64 = Release|x64
		Release|x86 = Release|x86
	EndGlobalSection
	GlobalSection(ProjectConfigurationPlatforms) = postSolution
		{80E71D42-B2CD-4C99-B7BB-FD50039687AC}.Debug|x64.ActiveCfg = Debug|x64
		{80E71D42-B2CD-4C99-B7BB-FD50039687AC}.Debug|x64.Build.0 = Debug|x64
		{80E71D42-B2CD-4C99-B7BB-FD50039687AC}.Debug|x86.ActiveCfg = Debug|Win32
		{80E71D42-B2CD-4C99-B7BB-FD50039687AC}.Debug|x86.Build.0 = Debug|Win32
		{80E71D42-B2CD-4C99-B7BB-FD50039687AC}.Release|x64.ActiveCfg = Release|x64
		{80E71D42-B2CD-4C99-B7BB-FD50039687AC}.Release|x64.Build.0 = Release|x64
		{80E71D42-B2CD-4C99-B7BB-FD50039687AC}.Release|x86.ActiveCfg = Release|Win32
		{80E71D42-B2CD-4C99-B7BB-FD50039687AC}.Release|x86.Build.0 = Release|Win32
	EndGlobalSection
	GlobalSection(SolutionProperties) = preSolution
		HideSolutionNode = FALSE
	EndGlobalSection
	GlobalSection(ExtensibilityGlobals) = postSolution
		SolutionGuid = {D609BAC4-6A56-4809-A7CD-1526D0F05A0E}
	EndGlobalSection
EndGlobal
